
Microsoft Visual Studio Solution File, Format Version 12.00
# Visual Studio 15
VisualStudioVersion = 15.0.26228.4
MinimumVisualStudioVersion = 10.0.40219.1
Project("{FAE04EC0-301F-11D3-BF4B-00C04F79EFBC}") = "PartitionHelper", "PartitionHelper\PartitionHelper.csproj", "{C172170F-FA7E-4A87-9E94-ACF87750AD8B}"
EndProject
Project("{FAE04EC0-301F-11D3-BF4B-00C04F79EFBC}") = "ApplyDemo", "ApplyDemo\ApplyDemo.csproj", "{89A7CF41-9EFA-4568-A0B9-23B2D6372582}"
EndProject
Project("{FAE04EC0-301F-11D3-BF4B-00C04F79EFBC}") = "DbtuneConfigHelper", "DbtuneConfigHelper\DbtuneConfigHelper.csproj", "{11CD54D6-94A7-42CB-ABF5-634EB54B576A}"
EndProject
Project("{FAE04EC0-301F-11D3-BF4B-00C04F79EFBC}") = "PartitionUtility", "PartitionUtility\PartitionUtility.csproj", "{D1576C36-2468-4518-9709-14D5A02C289F}"
EndProject
Global
	GlobalSection(SolutionConfigurationPlatforms) = preSolution
		Debug|Any CPU = Debug|Any CPU
		Release|Any CPU = Release|Any CPU
	EndGlobalSection
	GlobalSection(ProjectConfigurationPlatforms) = postSolution
		{C172170F-FA7E-4A87-9E94-ACF87750AD8B}.Debug|Any CPU.ActiveCfg = Debug|Any CPU
		{C172170F-FA7E-4A87-9E94-ACF87750AD8B}.Debug|Any CPU.Build.0 = Debug|Any CPU
		{C172170F-FA7E-4A87-9E94-ACF87750AD8B}.Release|Any CPU.ActiveCfg = Release|Any CPU
		{C172170F-FA7E-4A87-9E94-ACF87750AD8B}.Release|Any CPU.Build.0 = Release|Any CPU
		{89A7CF41-9EFA-4568-A0B9-23B2D6372582}.Debug|Any CPU.ActiveCfg = Debug|Any CPU
		{89A7CF41-9EFA-4568-A0B9-23B2D6372582}.Debug|Any CPU.Build.0 = Debug|Any CPU
		{89A7CF41-9EFA-4568-A0B9-23B2D6372582}.Release|Any CPU.ActiveCfg = Release|Any CPU
		{89A7CF41-9EFA-4568-A0B9-23B2D6372582}.Release|Any CPU.Build.0 = Release|Any CPU
		{11CD54D6-94A7-42CB-ABF5-634EB54B576A}.Debug|Any CPU.ActiveCfg = Debug|Any CPU
		{11CD54D6-94A7-42CB-ABF5-634EB54B576A}.Debug|Any CPU.Build.0 = Debug|Any CPU
		{11CD54D6-94A7-42CB-ABF5-634EB54B576A}.Release|Any CPU.ActiveCfg = Release|Any CPU
		{11CD54D6-94A7-42CB-ABF5-634EB54B576A}.Release|Any CPU.Build.0 = Release|Any CPU
		{D1576C36-2468-4518-9709-14D5A02C289F}.Debug|Any CPU.ActiveCfg = Debug|Any CPU
		{D1576C36-2468-4518-9709-14D5A02C289F}.Debug|Any CPU.Build.0 = Debug|Any CPU
		{D1576C36-2468-4518-9709-14D5A02C289F}.Release|Any CPU.ActiveCfg = Release|Any CPU
		{D1576C36-2468-4518-9709-14D5A02C289F}.Release|Any CPU.Build.0 = Release|Any CPU
	EndGlobalSection
	GlobalSection(SolutionProperties) = preSolution
		HideSolutionNode = FALSE
	EndGlobalSection
EndGlobal
